
Microsoft Visual Studio Solution File, Format Version 12.00
# Visual Studio 16
Project("{FAE04EC0-301F-11D3-BF4B-00C04F79EFBC}") = "Assembly-CSharp", "Assembly-CSharp.csproj", "{B95FBE94-4F46-00E9-04DD-32D6BCEE03BA}"
EndProject
Global
	GlobalSection(SolutionConfigurationPlatforms) = preSolution
		Debug|Any CPU = Debug|Any CPU
		Release|Any CPU = Release|Any CPU
	EndGlobalSection
	GlobalSection(ProjectConfigurationPlatforms) = postSolution
		{B95FBE94-4F46-00E9-04DD-32D6BCEE03BA}.Debug|Any CPU.ActiveCfg = Debug|Any CPU
		{B95FBE94-4F46-00E9-04DD-32D6BCEE03BA}.Debug|Any CPU.Build.0 = Debug|Any CPU
		{B95FBE94-4F46-00E9-04DD-32D6BCEE03BA}.Release|Any CPU.ActiveCfg = Release|Any CPU
		{B95FBE94-4F46-00E9-04DD-32D6BCEE03BA}.Release|Any CPU.Build.0 = Release|Any CPU
	EndGlobalSection
	GlobalSection(SolutionProperties) = preSolution
		HideSolutionNode = FALSE
	EndGlobalSection
	GlobalSection(MonoDevelopProperties) = preSolution
		StartupItem = Assembly-CSharp.csproj
	EndGlobalSection
EndGlobal
